{"1.2.0",
[{<<"cowboy">>,{pkg,<<"cowboy">>,<<"2.12.0">>},0},
 {<<"cowlib">>,{pkg,<<"cowlib">>,<<"2.13.0">>},1},
 {<<"em_pop">>,{pkg,<<"em_pop">>,<<"0.3.0">>},0},
 {<<"jsx">>,{pkg,<<"jsx">>,<<"3.1.0">>},0},
 {<<"kvex">>,{pkg,<<"kvex">>,<<"0.2.10">>},0},
 {<<"ranch">>,{pkg,<<"ranch">>,<<"1.8.0">>},1},
 {<<"rast">>,{pkg,<<"rast">>,<<"0.1.1">>},0},
 {<<"sied">>,{pkg,<<"sied">>,<<"0.3.1">>},1}]}.
[
{pkg_hash,[
 {<<"cowboy">>, <<"F276D521A1FF88B2B9B4C54D0E753DA6C66DD7BE6C9FCA3D9418B561828A3731">>},
 {<<"cowlib">>, <<"DB8F7505D8332D98EF50A3EF34B34C1AFDDEC7506E4EE4DD4A3A266285D282CA">>},
 {<<"em_pop">>, <<"08B3C993C0C45D1703C49392E238196B4A6C1ADE25CA03143C7D3806A374C152">>},
 {<<"jsx">>, <<"D12516BAA0BB23A59BB35DCCAF02A1BD08243FCBB9EFE24F2D9D056CCFF71268">>},
 {<<"kvex">>, <<"8963A36C106140C75E20640CAD3740D666BBF339C314B314B7BAD1E6C5D21647">>},
 {<<"ranch">>, <<"8C7A100A139FD57F17327B6413E4167AC559FBC04CA7448E9BE9057311597A1D">>},
 {<<"rast">>, <<"4AB11E48A2D324DD4D3A6A39449260D515D32362019C740A6D6A4F52B63C0F47">>},
 {<<"sied">>, <<"7DE4C5C7A00BA01DD36C0DE0FC0B901E13375D8D69051DEA5CD6FBB4DD4110EC">>}]},
{pkg_hash_ext,[
 {<<"cowboy">>, <<"8A7ABE6D183372CEB21CAA2709BEC928AB2B72E18A3911AA1771639BEF82651E">>},
 {<<"cowlib">>, <<"E1E1284DC3FC030A64B1AD0D8382AE7E99DA46C3246B815318A4B848873800A4">>},
 {<<"em_pop">>, <<"9174D2F2DC4895271209776FD258E0709CF66A9A7087C81FE26062BD69DFF3D8">>},
 {<<"jsx">>, <<"0C5CC8FDC11B53CC25CF65AC6705AD39E54ECC56D1C22E4ADB8F5A53FB9427F3">>},
 {<<"kvex">>, <<"BC826EEE40CA0D29221DF8DBCA889E819A38FBB5F3481D4B755E6B7D40FDD76F">>},
 {<<"ranch">>, <<"49FBCFD3682FAB1F5D109351B61257676DA1A2FDBE295904176D5E521A2DDFE5">>},
 {<<"rast">>, <<"2124264C0D5FDD8E0696B1B4ABA366FBF5A4485312CAF1C7CA91D90834D5750F">>},
 {<<"sied">>, <<"8C2B8DC4D925F0EC054332B5E815902CB37745C735473A0159FB9D6B6065FADA">>}]}
].
